<?xml version="1.0" encoding="utf-8"?>
<Project ToolsVersion="4.0" xmlns="http://schemas.microsoft.com/developer/msbuild/2003">
  <ItemGroup>
    <Filter Include="ソース ファイル">
      <UniqueIdentifier>{4FC737F1-C7A5-4376-A066-2A32D752A2FF}</UniqueIdentifier>
      <Extensions>cpp;c;cc;cxx;def;odl;idl;hpj;bat;asm;asmx</Extensions>
    </Filter>
    <Filter Include="ヘッダー ファイル">
      <UniqueIdentifier>{93995380-89BD-4b04-88EB-625FBE52EBFB}</UniqueIdentifier>
      <Extensions>h;hh;hpp;hxx;hm;inl;inc;ipp;xsd</Extensions>
    </Filter>
    <Filter Include="リソース ファイル">
      <UniqueIdentifier>{67DA6AB6-F800-4c08-8B7A-83BB121AAD01}</UniqueIdentifier>
      <Extensions>rc;ico;cur;bmp;dlg;rc2;rct;bin;rgs;gif;jpg;jpeg;jpe;resx;tiff;tif;png;wav;mfcribbon-ms</Extensions>
    </Filter>
    <Filter Include="ソース ファイル\glad">
      <UniqueIdentifier>{77197acf-d9c3-47fc-89e2-9cd722ccb7fe}</UniqueIdentifier>
    </Filter>
    <Filter Include="ソース ファイル\Scenes">
      <UniqueIdentifier>{1a681893-1ea2-47b7-8b4f-0dcfec3ef804}</UniqueIdentifier>
    </Filter>
    <Filter Include="ソース ファイル\Actors">
      <UniqueIdentifier>{93750975-cbbe-4d09-a421-1b841f9b22c0}</UniqueIdentifier>
    </Filter>
  </ItemGroup>
  <ItemGroup>
    <ClCompile Include="Src\Main.cpp">
      <Filter>ソース ファイル</Filter>
    </ClCompile>
    <ClCompile Include="Src\glad\src\glad.c">
      <Filter>ソース ファイル\glad</Filter>
    </ClCompile>
    <ClCompile Include="Src\GLContext.cpp">
      <Filter>ソース ファイル</Filter>
    </ClCompile>
    <ClCompile Include="Src\Mesh.cpp">
      <Filter>ソース ファイル</Filter>
    </ClCompile>
    <ClCompile Include="Src\Texture.cpp">
      <Filter>ソース ファイル</Filter>
    </ClCompile>
    <ClCompile Include="Src\Shader.cpp">
      <Filter>ソース ファイル</Filter>
    </ClCompile>
    <ClCompile Include="Src\MainGameScene.cpp">
      <Filter>ソース ファイル\Scenes</Filter>
    </ClCompile>
    <ClCompile Include="Src\TitleScene.cpp">
      <Filter>ソース ファイル\Scenes</Filter>
    </ClCompile>
    <ClCompile Include="Src\Actor.cpp">
      <Filter>ソース ファイル</Filter>
    </ClCompile>
    <ClCompile Include="Src\SceneManager.cpp">
      <Filter>ソース ファイル\Scenes</Filter>
    </ClCompile>
    <ClCompile Include="Src\GameData.cpp">
      <Filter>ソース ファイル</Filter>
    </ClCompile>
    <ClCompile Include="Src\Actors\PlayerActor.cpp">
      <Filter>ソース ファイル\Actors</Filter>
    </ClCompile>
    <ClCompile Include="Src\Actors\ZombieActor.cpp">
      <Filter>ソース ファイル\Actors</Filter>
    </ClCompile>
    <ClCompile Include="Src\Actors\GrenadeActor.cpp">
      <Filter>ソース ファイル\Actors</Filter>
    </ClCompile>
    <ClCompile Include="Src\Sprite.cpp">
      <Filter>ソース ファイル</Filter>
    </ClCompile>
    <ClCompile Include="Src\Audio.cpp">
      <Filter>ソース ファイル</Filter>
    </ClCompile>
    <ClCompile Include="Src\FramebufferObject.cpp">
      <Filter>ソース ファイル</Filter>
    </ClCompile>
    <ClCompile Include="Src\ShaderStorageBufferObject.cpp">
      <Filter>ソース ファイル</Filter>
    </ClCompile>
    <ClCompile Include="Src\Light.cpp">
      <Filter>ソース ファイル</Filter>
    </ClCompile>
  </ItemGroup>
  <ItemGroup>
    <None Include="packages.config" />
    <None Include="Res\Simple.vert">
      <Filter>リソース ファイル</Filter>
    </None>
    <None Include="Res\Simple.frag">
      <Filter>リソース ファイル</Filter>
    </None>
    <None Include="Res\VertexLighting.vert">
      <Filter>リソース ファイル</Filter>
    </None>
    <None Include="Res\FragmentLighting.vert">
      <Filter>リソース ファイル</Filter>
    </None>
    <None Include="Res\FragmentLighting.frag">
      <Filter>リソース ファイル</Filter>
    </None>
    <None Include="Res\Shadow.frag">
      <Filter>リソース ファイル</Filter>
    </None>
    <None Include="Res\Shadow.vert">
      <Filter>リソース ファイル</Filter>
    </None>
    <None Include="Res\SobelFilter.frag">
      <Filter>リソース ファイル</Filter>
    </None>
    <None Include="Res\Filter_GaussianBlur.frag">
      <Filter>リソース ファイル</Filter>
    </None>
    <None Include="Res\Filter_Posterization.frag">
      <Filter>リソース ファイル</Filter>
    </None>
    <None Include="Res\Filter_Hatching.frag">
      <Filter>リソース ファイル</Filter>
    </None>
    <None Include="Res\Filter_Outline.frag">
      <Filter>リソース ファイル</Filter>
    </None>
  </ItemGroup>
  <ItemGroup>
    <ClInclude Include="Src\glad\include\glad\glad.h">
      <Filter>ソース ファイル\glad</Filter>
    </ClInclude>
    <ClInclude Include="Src\glad\include\KHR\khrplatform.h">
      <Filter>ソース ファイル\glad</Filter>
    </ClInclude>
    <ClInclude Include="Src\GLContext.h">
      <Filter>ソース ファイル</Filter>
    </ClInclude>
    <ClInclude Include="Src\Mesh.h">
      <Filter>ソース ファイル</Filter>
    </ClInclude>
    <ClInclude Include="Src\Texture.h">
      <Filter>ソース ファイル</Filter>
    </ClInclude>
    <ClInclude Include="Src\Shader.h">
      <Filter>ソース ファイル</Filter>
    </ClInclude>
    <ClInclude Include="Src\MainGameScene.h">
      <Filter>ソース ファイル\Scenes</Filter>
    </ClInclude>
    <ClInclude Include="Src\TitleScene.h">
      <Filter>ソース ファイル\Scenes</Filter>
    </ClInclude>
    <ClInclude Include="Src\Actor.h">
      <Filter>ソース ファイル</Filter>
    </ClInclude>
    <ClInclude Include="Src\SceneManager.h">
      <Filter>ソース ファイル\Scenes</Filter>
    </ClInclude>
    <ClInclude Include="Src\GameData.h">
      <Filter>ソース ファイル</Filter>
    </ClInclude>
    <ClInclude Include="Src\Actors\PlayerActor.h">
      <Filter>ソース ファイル\Actors</Filter>
    </ClInclude>
    <ClInclude Include="Src\Actors\ZombieActor.h">
      <Filter>ソース ファイル\Actors</Filter>
    </ClInclude>
    <ClInclude Include="Src\Actors\GrenadeActor.h">
      <Filter>ソース ファイル\Actors</Filter>
    </ClInclude>
    <ClInclude Include="Src\Sprite.h">
      <Filter>ソース ファイル</Filter>
    </ClInclude>
    <ClInclude Include="Src\Audio.h">
      <Filter>ソース ファイル</Filter>
    </ClInclude>
    <ClInclude Include="Src\FramebufferObject.h">
      <Filter>ソース ファイル</Filter>
    </ClInclude>
    <ClInclude Include="Src\ShaderStorageBufferObject.h">
      <Filter>ソース ファイル</Filter>
    </ClInclude>
    <ClInclude Include="Src\Light.h">
      <Filter>ソース ファイル</Filter>
    </ClInclude>
  </ItemGroup>
  <ItemGroup>
    <Image Include="Res\Ground.tga">
      <Filter>リソース ファイル</Filter>
    </Image>
    <Image Include="Res\House.tga">
      <Filter>リソース ファイル</Filter>
    </Image>
    <Image Include="Res\Tree.tga">
      <Filter>リソース ファイル</Filter>
    </Image>
    <Image Include="Res\Black.tga">
      <Filter>リソース ファイル</Filter>
    </Image>
    <Image Include="Res\Pointer.tga">
      <Filter>リソース ファイル</Filter>
    </Image>
    <Image Include="Res\Hatching.tga">
      <Filter>リソース ファイル</Filter>
    </Image>
  </ItemGroup>
  <ItemGroup>
    <Object Include="Res\Tree.obj">
      <Filter>リソース ファイル</Filter>
    </Object>
    <Object Include="Res\Cube.obj">
      <Filter>リソース ファイル</Filter>
    </Object>
    <Object Include="Res\Ground.obj">
      <Filter>リソース ファイル</Filter>
    </Object>
    <Object Include="Res\House.obj">
      <Filter>リソース ファイル</Filter>
    </Object>
    <Object Include="Res\Plane.obj">
      <Filter>リソース ファイル</Filter>
    </Object>
  </ItemGroup>
</Project>