<?xml version="1.0" encoding="utf-8"?>
<Project ToolsVersion="4.0" xmlns="http://schemas.microsoft.com/developer/msbuild/2003">
  <ItemGroup>
    <Filter Include="ソース ファイル">
      <UniqueIdentifier>{4FC737F1-C7A5-4376-A066-2A32D752A2FF}</UniqueIdentifier>
      <Extensions>cpp;c;cc;cxx;c++;cppm;ixx;def;odl;idl;hpj;bat;asm;asmx</Extensions>
    </Filter>
    <Filter Include="ヘッダー ファイル">
      <UniqueIdentifier>{93995380-89BD-4b04-88EB-625FBE52EBFB}</UniqueIdentifier>
      <Extensions>h;hh;hpp;hxx;h++;hm;inl;inc;ipp;xsd</Extensions>
    </Filter>
    <Filter Include="リソース ファイル">
      <UniqueIdentifier>{67DA6AB6-F800-4c08-8B7A-83BB121AAD01}</UniqueIdentifier>
      <Extensions>rc;ico;cur;bmp;dlg;rc2;rct;bin;rgs;gif;jpg;jpeg;jpe;resx;tiff;tif;png;wav;mfcribbon-ms</Extensions>
    </Filter>
    <Filter Include="ソース ファイル\glad">
      <UniqueIdentifier>{84388b40-337d-4ceb-aca9-dd449b203f1b}</UniqueIdentifier>
    </Filter>
    <Filter Include="ソース ファイル\Actor">
      <UniqueIdentifier>{609b2122-625b-497b-a350-75783a93a87c}</UniqueIdentifier>
    </Filter>
    <Filter Include="ソース ファイル\imgui">
      <UniqueIdentifier>{312c884f-def7-4a28-b2df-0f635bcc99e0}</UniqueIdentifier>
    </Filter>
    <Filter Include="リソース ファイル\Sprite">
      <UniqueIdentifier>{699d0ba0-a980-4786-aa06-eb37c52c4262}</UniqueIdentifier>
    </Filter>
    <Filter Include="ソース ファイル\json11">
      <UniqueIdentifier>{810786a3-e236-4b5d-82b1-e99f4d0743ff}</UniqueIdentifier>
    </Filter>
  </ItemGroup>
  <ItemGroup>
    <ClCompile Include="Src\Main.cpp">
      <Filter>ソース ファイル</Filter>
    </ClCompile>
    <ClCompile Include="Src\glad\src\glad.c">
      <Filter>ソース ファイル\glad</Filter>
    </ClCompile>
    <ClCompile Include="Src\GLContext.cpp">
      <Filter>ソース ファイル</Filter>
    </ClCompile>
    <ClCompile Include="Src\Primitive.cpp">
      <Filter>ソース ファイル</Filter>
    </ClCompile>
    <ClCompile Include="Src\ProgramPipeline.cpp">
      <Filter>ソース ファイル</Filter>
    </ClCompile>
    <ClCompile Include="Src\Texture.cpp">
      <Filter>ソース ファイル</Filter>
    </ClCompile>
    <ClCompile Include="Src\Sampler.cpp">
      <Filter>ソース ファイル</Filter>
    </ClCompile>
    <ClCompile Include="Src\Actor.cpp">
      <Filter>ソース ファイル</Filter>
    </ClCompile>
    <ClCompile Include="Src\Actor\T34TankActor.cpp">
      <Filter>ソース ファイル\Actor</Filter>
    </ClCompile>
    <ClCompile Include="Src\Actor\ElevatorActor.cpp">
      <Filter>ソース ファイル\Actor</Filter>
    </ClCompile>
    <ClCompile Include="Src\Actor\BulletActor.cpp">
      <Filter>ソース ファイル\Actor</Filter>
    </ClCompile>
    <ClCompile Include="Src\Actor\RandomMovingEnemyActor.cpp">
      <Filter>ソース ファイル\Actor</Filter>
    </ClCompile>
    <ClCompile Include="Src\GameMap.cpp">
      <Filter>ソース ファイル</Filter>
    </ClCompile>
    <ClCompile Include="Src\GameEngine.cpp">
      <Filter>ソース ファイル</Filter>
    </ClCompile>
    <ClCompile Include="Src\Actor\PlayerActor.cpp">
      <Filter>ソース ファイル\Actor</Filter>
    </ClCompile>
    <ClCompile Include="Src\GameManager.cpp">
      <Filter>ソース ファイル</Filter>
    </ClCompile>
    <ClCompile Include="Src\Camera.cpp">
      <Filter>ソース ファイル</Filter>
    </ClCompile>
    <ClCompile Include="Src\imgui\imgui.cpp">
      <Filter>ソース ファイル\imgui</Filter>
    </ClCompile>
    <ClCompile Include="Src\imgui\imgui_demo.cpp">
      <Filter>ソース ファイル\imgui</Filter>
    </ClCompile>
    <ClCompile Include="Src\imgui\imgui_draw.cpp">
      <Filter>ソース ファイル\imgui</Filter>
    </ClCompile>
    <ClCompile Include="Src\imgui\imgui_impl_glfw.cpp">
      <Filter>ソース ファイル\imgui</Filter>
    </ClCompile>
    <ClCompile Include="Src\imgui\imgui_impl_opengl3.cpp">
      <Filter>ソース ファイル\imgui</Filter>
    </ClCompile>
    <ClCompile Include="Src\imgui\imgui_tables.cpp">
      <Filter>ソース ファイル\imgui</Filter>
    </ClCompile>
    <ClCompile Include="Src\imgui\imgui_widgets.cpp">
      <Filter>ソース ファイル\imgui</Filter>
    </ClCompile>
    <ClCompile Include="Src\MapEditor.cpp">
      <Filter>ソース ファイル</Filter>
    </ClCompile>
    <ClCompile Include="Src\FramebufferObject.cpp">
      <Filter>ソース ファイル</Filter>
    </ClCompile>
    <ClCompile Include="Src\AStar.cpp">
      <Filter>ソース ファイル</Filter>
    </ClCompile>
    <ClCompile Include="Src\Audio.cpp">
      <Filter>ソース ファイル</Filter>
    </ClCompile>
    <ClCompile Include="Src\Collision.cpp">
      <Filter>ソース ファイル</Filter>
    </ClCompile>
    <ClCompile Include="Src\Actor\Boss01.cpp">
      <Filter>ソース ファイル\Actor</Filter>
    </ClCompile>
    <ClCompile Include="Src\Sprite.cpp">
      <Filter>ソース ファイル</Filter>
    </ClCompile>
    <ClCompile Include="Src\Animation.cpp">
      <Filter>ソース ファイル</Filter>
    </ClCompile>
    <ClCompile Include="Src\EasyAudio.cpp">
      <Filter>ソース ファイル</Filter>
    </ClCompile>
    <ClCompile Include="Src\Renderer.cpp">
      <Filter>ソース ファイル</Filter>
    </ClCompile>
    <ClCompile Include="Src\Actor\RepairItem.cpp">
      <Filter>ソース ファイル\Actor</Filter>
    </ClCompile>
    <ClCompile Include="Src\Actor\ExplosionActor.cpp">
      <Filter>ソース ファイル\Actor</Filter>
    </ClCompile>
    <ClCompile Include="Src\Actor\FortressActor.cpp">
      <Filter>ソース ファイル\Actor</Filter>
    </ClCompile>
    <ClCompile Include="Src\Actor\MoveIfFlagged.cpp">
      <Filter>ソース ファイル\Actor</Filter>
    </ClCompile>
    <ClCompile Include="Src\Actor\FlagIfDied.cpp">
      <Filter>ソース ファイル\Actor</Filter>
    </ClCompile>
    <ClCompile Include="Src\Actor\HumanActor.cpp">
      <Filter>ソース ファイル\Actor</Filter>
    </ClCompile>
    <ClCompile Include="Src\ShaderStorageBuffer.cpp">
      <Filter>ソース ファイル</Filter>
    </ClCompile>
    <ClCompile Include="Src\GltfMesh.cpp">
      <Filter>ソース ファイル</Filter>
    </ClCompile>
    <ClCompile Include="Src\json11\json11.cpp">
      <Filter>ソース ファイル\json11</Filter>
    </ClCompile>
    <ClCompile Include="Src\VertexArrayObject.cpp">
      <Filter>ソース ファイル</Filter>
    </ClCompile>
  </ItemGroup>
  <ItemGroup>
    <None Include="packages.config" />
    <None Include="Res\Simple.frag">
      <Filter>リソース ファイル</Filter>
    </None>
    <None Include="Res\Simple.vert">
      <Filter>リソース ファイル</Filter>
    </None>
    <None Include="Res\VertexLighting.vert">
      <Filter>リソース ファイル</Filter>
    </None>
    <None Include="Res\FragmentLighting.frag">
      <Filter>リソース ファイル</Filter>
    </None>
    <None Include="Res\FragmentLighting.vert">
      <Filter>リソース ファイル</Filter>
    </None>
    <None Include="Res\GroundShader.frag">
      <Filter>リソース ファイル</Filter>
    </None>
    <None Include="Res\DepthOfField.frag">
      <Filter>リソース ファイル</Filter>
    </None>
    <None Include="Res\DepthOfField.vert">
      <Filter>リソース ファイル</Filter>
    </None>
    <None Include="Res\InstancedMesh.vert">
      <Filter>リソース ファイル</Filter>
    </None>
    <None Include="Res\StaticMesh.vert">
      <Filter>リソース ファイル</Filter>
    </None>
    <None Include="Res\StaticMesh.frag">
      <Filter>リソース ファイル</Filter>
    </None>
  </ItemGroup>
  <ItemGroup>
    <ClInclude Include="Src\glad\include\glad\glad.h">
      <Filter>ソース ファイル\glad</Filter>
    </ClInclude>
    <ClInclude Include="Src\glad\include\KHR\khrplatform.h">
      <Filter>ソース ファイル\glad</Filter>
    </ClInclude>
    <ClInclude Include="Src\GLContext.h">
      <Filter>ソース ファイル</Filter>
    </ClInclude>
    <ClInclude Include="Src\Primitive.h">
      <Filter>ソース ファイル</Filter>
    </ClInclude>
    <ClInclude Include="Src\ProgramPipeline.h">
      <Filter>ソース ファイル</Filter>
    </ClInclude>
    <ClInclude Include="Src\Texture.h">
      <Filter>ソース ファイル</Filter>
    </ClInclude>
    <ClInclude Include="Src\Sampler.h">
      <Filter>ソース ファイル</Filter>
    </ClInclude>
    <ClInclude Include="Src\Actor.h">
      <Filter>ソース ファイル</Filter>
    </ClInclude>
    <ClInclude Include="Src\Actor\T34TankActor.h">
      <Filter>ソース ファイル\Actor</Filter>
    </ClInclude>
    <ClInclude Include="Src\Actor\ElevatorActor.h">
      <Filter>ソース ファイル\Actor</Filter>
    </ClInclude>
    <ClInclude Include="Src\Actor\BulletActor.h">
      <Filter>ソース ファイル\Actor</Filter>
    </ClInclude>
    <ClInclude Include="Src\Actor\RandomMovingEnemyActor.h">
      <Filter>ソース ファイル\Actor</Filter>
    </ClInclude>
    <ClInclude Include="Src\GameEngine.h">
      <Filter>ソース ファイル</Filter>
    </ClInclude>
    <ClInclude Include="Src\GameMap.h">
      <Filter>ソース ファイル</Filter>
    </ClInclude>
    <ClInclude Include="Src\Actor\PlayerActor.h">
      <Filter>ソース ファイル\Actor</Filter>
    </ClInclude>
    <ClInclude Include="Src\GameManager.h">
      <Filter>ソース ファイル</Filter>
    </ClInclude>
    <ClInclude Include="Src\Camera.h">
      <Filter>ソース ファイル</Filter>
    </ClInclude>
    <ClInclude Include="Src\imgui\imconfig.h">
      <Filter>ソース ファイル\imgui</Filter>
    </ClInclude>
    <ClInclude Include="Src\imgui\imgui.h">
      <Filter>ソース ファイル\imgui</Filter>
    </ClInclude>
    <ClInclude Include="Src\imgui\imgui_impl_glfw.h">
      <Filter>ソース ファイル\imgui</Filter>
    </ClInclude>
    <ClInclude Include="Src\imgui\imgui_impl_opengl3.h">
      <Filter>ソース ファイル\imgui</Filter>
    </ClInclude>
    <ClInclude Include="Src\imgui\imgui_impl_opengl3_loader.h">
      <Filter>ソース ファイル\imgui</Filter>
    </ClInclude>
    <ClInclude Include="Src\imgui\imgui_internal.h">
      <Filter>ソース ファイル\imgui</Filter>
    </ClInclude>
    <ClInclude Include="Src\imgui\imstb_rectpack.h">
      <Filter>ソース ファイル\imgui</Filter>
    </ClInclude>
    <ClInclude Include="Src\imgui\imstb_textedit.h">
      <Filter>ソース ファイル\imgui</Filter>
    </ClInclude>
    <ClInclude Include="Src\imgui\imstb_truetype.h">
      <Filter>ソース ファイル\imgui</Filter>
    </ClInclude>
    <ClInclude Include="Src\MapEditor.h">
      <Filter>ソース ファイル</Filter>
    </ClInclude>
    <ClInclude Include="Src\FramebufferObject.h">
      <Filter>ソース ファイル</Filter>
    </ClInclude>
    <ClInclude Include="Src\AStar.h">
      <Filter>ソース ファイル</Filter>
    </ClInclude>
    <ClInclude Include="Src\Audio.h">
      <Filter>ソース ファイル</Filter>
    </ClInclude>
    <ClInclude Include="Src\Collision.h">
      <Filter>ソース ファイル</Filter>
    </ClInclude>
    <ClInclude Include="Src\Actor\Boss01.h">
      <Filter>ソース ファイル\Actor</Filter>
    </ClInclude>
    <ClInclude Include="Src\Sprite.h">
      <Filter>ソース ファイル</Filter>
    </ClInclude>
    <ClInclude Include="Src\Animation.h">
      <Filter>ソース ファイル</Filter>
    </ClInclude>
    <ClInclude Include="Src\EasyAudio.h">
      <Filter>ソース ファイル</Filter>
    </ClInclude>
    <ClInclude Include="Src\EasyAudioSettings.h">
      <Filter>ソース ファイル</Filter>
    </ClInclude>
    <ClInclude Include="Src\Renderer.h">
      <Filter>ソース ファイル</Filter>
    </ClInclude>
    <ClInclude Include="Src\Actor\RepairItem.h">
      <Filter>ソース ファイル\Actor</Filter>
    </ClInclude>
    <ClInclude Include="Src\Actor\ExplosionActor.h">
      <Filter>ソース ファイル\Actor</Filter>
    </ClInclude>
    <ClInclude Include="Src\Actor\FortressActor.h">
      <Filter>ソース ファイル\Actor</Filter>
    </ClInclude>
    <ClInclude Include="Src\Actor\MoveIfFlagged.h">
      <Filter>ソース ファイル\Actor</Filter>
    </ClInclude>
    <ClInclude Include="Src\Actor\FlagIfDied.h">
      <Filter>ソース ファイル\Actor</Filter>
    </ClInclude>
    <ClInclude Include="Src\ActorComponent.h">
      <Filter>ソース ファイル</Filter>
    </ClInclude>
    <ClInclude Include="Src\Actor\HumanActor.h">
      <Filter>ソース ファイル\Actor</Filter>
    </ClInclude>
    <ClInclude Include="Src\ShaderStorageBuffer.h">
      <Filter>ソース ファイル</Filter>
    </ClInclude>
    <ClInclude Include="Src\GltfMesh.h">
      <Filter>ソース ファイル</Filter>
    </ClInclude>
    <ClInclude Include="Src\json11\json11.hpp">
      <Filter>ソース ファイル\json11</Filter>
    </ClInclude>
    <ClInclude Include="Src\VertexArrayObject.h">
      <Filter>ソース ファイル</Filter>
    </ClInclude>
  </ItemGroup>
  <ItemGroup>
    <Image Include="Res\Ground.tga">
      <Filter>リソース ファイル</Filter>
    </Image>
    <Image Include="Res\Building.tga">
      <Filter>リソース ファイル</Filter>
    </Image>
    <Image Include="Res\IconEnemy.tga">
      <Filter>リソース ファイル</Filter>
    </Image>
    <Image Include="Res\Sprite\Explosion.tga">
      <Filter>リソース ファイル\Sprite</Filter>
    </Image>
    <Image Include="Res\Sprite\smoke.tga">
      <Filter>リソース ファイル\Sprite</Filter>
    </Image>
  </ItemGroup>
  <ItemGroup>
    <Text Include="Res\Ground.obj">
      <Filter>リソース ファイル</Filter>
    </Text>
    <Text Include="Res\Warehouse.obj">
      <Filter>リソース ファイル</Filter>
    </Text>
    <Text Include="Res\Triangle.obj">
      <Filter>リソース ファイル</Filter>
    </Text>
    <Text Include="Res\Tree.obj">
      <Filter>リソース ファイル</Filter>
    </Text>
    <Text Include="Res\Rectangle.obj">
      <Filter>リソース ファイル</Filter>
    </Text>
    <Text Include="Res\Cube.obj">
      <Filter>リソース ファイル</Filter>
    </Text>
    <Text Include="Res\Plane.obj">
      <Filter>リソース ファイル</Filter>
    </Text>
    <Text Include="Res\ending.txt">
      <Filter>リソース ファイル</Filter>
    </Text>
  </ItemGroup>
</Project>